
Microsoft Visual Studio Solution File, Format Version 12.00
# Visual Studio 14
VisualStudioVersion = 14.0.25420.1
MinimumVisualStudioVersion = 10.0.40219.1
Project("{FAE04EC0-301F-11D3-BF4B-00C04F79EFBC}") = "ConsoleApp", "ConsoleApp\ConsoleApp.csproj", "{D6EE6DF3-6FAD-461B-BA3E-40711D8B9729}"
EndProject
Project("{FAE04EC0-301F-11D3-BF4B-00C04F79EFBC}") = "SqlServerModel", "SqlServerModel\SqlServerModel.csproj", "{925C0468-B39F-4182-A044-E308AE788556}"
EndProject
Project("{2150E333-8FDC-42A3-9474-1A3956D46DE8}") = "Model", "Model", "{A972C73C-F7CB-42C3-9989-4CC08E31600B}"
EndProject
Project("{2150E333-8FDC-42A3-9474-1A3956D46DE8}") = "DAL", "DAL", "{259B1549-6BC9-4B56-AA2F-B05795D775CC}"
EndProject
Project("{2150E333-8FDC-42A3-9474-1A3956D46DE8}") = "BLL", "BLL", "{B68FC65C-AE1F-4EFA-B4B6-B14510414CB5}"
EndProject
Project("{2150E333-8FDC-42A3-9474-1A3956D46DE8}") = "UI", "UI", "{FBB59E1F-B0FA-49AF-A466-B2294F9C3944}"
EndProject
Project("{FAE04EC0-301F-11D3-BF4B-00C04F79EFBC}") = "DAL", "DAL\DAL.csproj", "{1D5D7A6F-79BA-4CD5-A3E0-65AAF7542128}"
EndProject
Project("{FAE04EC0-301F-11D3-BF4B-00C04F79EFBC}") = "IDAL", "IDAL\IDAL.csproj", "{80FC4E3B-0818-4D53-A17E-17852E1BB1B5}"
EndProject
Project("{FAE04EC0-301F-11D3-BF4B-00C04F79EFBC}") = "DALContainer", "DALContainer\DALContainer.csproj", "{F1F53255-F6D5-4F8D-AE3E-5592CB9574A0}"
EndProject
Project("{FAE04EC0-301F-11D3-BF4B-00C04F79EFBC}") = "BLL", "BLL\BLL.csproj", "{771306D1-8C26-47E2-9211-2665D125076F}"
EndProject
Project("{FAE04EC0-301F-11D3-BF4B-00C04F79EFBC}") = "IBLL", "IBLL\IBLL.csproj", "{455DCE54-F57C-45D4-A4E3-D9EFE7C1FB8F}"
EndProject
Project("{FAE04EC0-301F-11D3-BF4B-00C04F79EFBC}") = "BLLContainer", "BLLContainer\BLLContainer.csproj", "{614FC311-793D-4CBD-999A-3C1A79F14F3A}"
EndProject
Global
	GlobalSection(SolutionConfigurationPlatforms) = preSolution
		Debug|Any CPU = Debug|Any CPU
		Release|Any CPU = Release|Any CPU
	EndGlobalSection
	GlobalSection(ProjectConfigurationPlatforms) = postSolution
		{D6EE6DF3-6FAD-461B-BA3E-40711D8B9729}.Debug|Any CPU.ActiveCfg = Debug|Any CPU
		{D6EE6DF3-6FAD-461B-BA3E-40711D8B9729}.Debug|Any CPU.Build.0 = Debug|Any CPU
		{D6EE6DF3-6FAD-461B-BA3E-40711D8B9729}.Release|Any CPU.ActiveCfg = Release|Any CPU
		{D6EE6DF3-6FAD-461B-BA3E-40711D8B9729}.Release|Any CPU.Build.0 = Release|Any CPU
		{925C0468-B39F-4182-A044-E308AE788556}.Debug|Any CPU.ActiveCfg = Debug|Any CPU
		{925C0468-B39F-4182-A044-E308AE788556}.Debug|Any CPU.Build.0 = Debug|Any CPU
		{925C0468-B39F-4182-A044-E308AE788556}.Release|Any CPU.ActiveCfg = Release|Any CPU
		{925C0468-B39F-4182-A044-E308AE788556}.Release|Any CPU.Build.0 = Release|Any CPU
		{1D5D7A6F-79BA-4CD5-A3E0-65AAF7542128}.Debug|Any CPU.ActiveCfg = Debug|Any CPU
		{1D5D7A6F-79BA-4CD5-A3E0-65AAF7542128}.Debug|Any CPU.Build.0 = Debug|Any CPU
		{1D5D7A6F-79BA-4CD5-A3E0-65AAF7542128}.Release|Any CPU.ActiveCfg = Release|Any CPU
		{1D5D7A6F-79BA-4CD5-A3E0-65AAF7542128}.Release|Any CPU.Build.0 = Release|Any CPU
		{80FC4E3B-0818-4D53-A17E-17852E1BB1B5}.Debug|Any CPU.ActiveCfg = Debug|Any CPU
		{80FC4E3B-0818-4D53-A17E-17852E1BB1B5}.Debug|Any CPU.Build.0 = Debug|Any CPU
		{80FC4E3B-0818-4D53-A17E-17852E1BB1B5}.Release|Any CPU.ActiveCfg = Release|Any CPU
		{80FC4E3B-0818-4D53-A17E-17852E1BB1B5}.Release|Any CPU.Build.0 = Release|Any CPU
		{F1F53255-F6D5-4F8D-AE3E-5592CB9574A0}.Debug|Any CPU.ActiveCfg = Debug|Any CPU
		{F1F53255-F6D5-4F8D-AE3E-5592CB9574A0}.Debug|Any CPU.Build.0 = Debug|Any CPU
		{F1F53255-F6D5-4F8D-AE3E-5592CB9574A0}.Release|Any CPU.ActiveCfg = Release|Any CPU
		{F1F53255-F6D5-4F8D-AE3E-5592CB9574A0}.Release|Any CPU.Build.0 = Release|Any CPU
		{771306D1-8C26-47E2-9211-2665D125076F}.Debug|Any CPU.ActiveCfg = Debug|Any CPU
		{771306D1-8C26-47E2-9211-2665D125076F}.Debug|Any CPU.Build.0 = Debug|Any CPU
		{771306D1-8C26-47E2-9211-2665D125076F}.Release|Any CPU.ActiveCfg = Release|Any CPU
		{771306D1-8C26-47E2-9211-2665D125076F}.Release|Any CPU.Build.0 = Release|Any CPU
		{455DCE54-F57C-45D4-A4E3-D9EFE7C1FB8F}.Debug|Any CPU.ActiveCfg = Debug|Any CPU
		{455DCE54-F57C-45D4-A4E3-D9EFE7C1FB8F}.Debug|Any CPU.Build.0 = Debug|Any CPU
		{455DCE54-F57C-45D4-A4E3-D9EFE7C1FB8F}.Release|Any CPU.ActiveCfg = Release|Any CPU
		{455DCE54-F57C-45D4-A4E3-D9EFE7C1FB8F}.Release|Any CPU.Build.0 = Release|Any CPU
		{614FC311-793D-4CBD-999A-3C1A79F14F3A}.Debug|Any CPU.ActiveCfg = Debug|Any CPU
		{614FC311-793D-4CBD-999A-3C1A79F14F3A}.Debug|Any CPU.Build.0 = Debug|Any CPU
		{614FC311-793D-4CBD-999A-3C1A79F14F3A}.Release|Any CPU.ActiveCfg = Release|Any CPU
		{614FC311-793D-4CBD-999A-3C1A79F14F3A}.Release|Any CPU.Build.0 = Release|Any CPU
	EndGlobalSection
	GlobalSection(SolutionProperties) = preSolution
		HideSolutionNode = FALSE
	EndGlobalSection
	GlobalSection(NestedProjects) = preSolution
		{D6EE6DF3-6FAD-461B-BA3E-40711D8B9729} = {FBB59E1F-B0FA-49AF-A466-B2294F9C3944}
		{925C0468-B39F-4182-A044-E308AE788556} = {A972C73C-F7CB-42C3-9989-4CC08E31600B}
		{1D5D7A6F-79BA-4CD5-A3E0-65AAF7542128} = {259B1549-6BC9-4B56-AA2F-B05795D775CC}
		{80FC4E3B-0818-4D53-A17E-17852E1BB1B5} = {259B1549-6BC9-4B56-AA2F-B05795D775CC}
		{F1F53255-F6D5-4F8D-AE3E-5592CB9574A0} = {259B1549-6BC9-4B56-AA2F-B05795D775CC}
		{771306D1-8C26-47E2-9211-2665D125076F} = {B68FC65C-AE1F-4EFA-B4B6-B14510414CB5}
		{455DCE54-F57C-45D4-A4E3-D9EFE7C1FB8F} = {B68FC65C-AE1F-4EFA-B4B6-B14510414CB5}
		{614FC311-793D-4CBD-999A-3C1A79F14F3A} = {B68FC65C-AE1F-4EFA-B4B6-B14510414CB5}
	EndGlobalSection
EndGlobal
